
Microsoft Visual Studio Solution File, Format Version 12.00
Project("{FAE04EC0-301F-11D3-BF4B-00C04F79EFBC}") = "University.StudentService.API", "University.StudentService.API\University.StudentService.API.csproj", "{76A761A1-F32B-44AE-B150-366063D77522}"
EndProject
Project("{FAE04EC0-301F-11D3-BF4B-00C04F79EFBC}") = "University.InstructorService.API", "University.InstructorService.API\University.InstructorService.API.csproj", "{04206A06-781E-42C2-A6A8-33D965298983}"
EndProject
Project("{FAE04EC0-301F-11D3-BF4B-00C04F79EFBC}") = "University.Shared", "University.Shared\University.Shared.csproj", "{F245909D-42F6-44F8-A244-7CB7C827DDA9}"
EndProject
Project("{FAE04EC0-301F-11D3-BF4B-00C04F79EFBC}") = "University.Web.Client", "University.Web.Client\University.Web.Client.csproj", "{FBD54F0C-DB07-419C-8597-D31B10FAA0C5}"
EndProject
Global
	GlobalSection(SolutionConfigurationPlatforms) = preSolution
		Debug|Any CPU = Debug|Any CPU
		Release|Any CPU = Release|Any CPU
	EndGlobalSection
	GlobalSection(ProjectConfigurationPlatforms) = postSolution
		{76A761A1-F32B-44AE-B150-366063D77522}.Debug|Any CPU.ActiveCfg = Debug|Any CPU
		{76A761A1-F32B-44AE-B150-366063D77522}.Debug|Any CPU.Build.0 = Debug|Any CPU
		{76A761A1-F32B-44AE-B150-366063D77522}.Release|Any CPU.ActiveCfg = Release|Any CPU
		{76A761A1-F32B-44AE-B150-366063D77522}.Release|Any CPU.Build.0 = Release|Any CPU
		{04206A06-781E-42C2-A6A8-33D965298983}.Debug|Any CPU.ActiveCfg = Debug|Any CPU
		{04206A06-781E-42C2-A6A8-33D965298983}.Debug|Any CPU.Build.0 = Debug|Any CPU
		{04206A06-781E-42C2-A6A8-33D965298983}.Release|Any CPU.ActiveCfg = Release|Any CPU
		{04206A06-781E-42C2-A6A8-33D965298983}.Release|Any CPU.Build.0 = Release|Any CPU
		{F245909D-42F6-44F8-A244-7CB7C827DDA9}.Debug|Any CPU.ActiveCfg = Debug|Any CPU
		{F245909D-42F6-44F8-A244-7CB7C827DDA9}.Debug|Any CPU.Build.0 = Debug|Any CPU
		{F245909D-42F6-44F8-A244-7CB7C827DDA9}.Release|Any CPU.ActiveCfg = Release|Any CPU
		{F245909D-42F6-44F8-A244-7CB7C827DDA9}.Release|Any CPU.Build.0 = Release|Any CPU
		{FBD54F0C-DB07-419C-8597-D31B10FAA0C5}.Debug|Any CPU.ActiveCfg = Debug|Any CPU
		{FBD54F0C-DB07-419C-8597-D31B10FAA0C5}.Debug|Any CPU.Build.0 = Debug|Any CPU
		{FBD54F0C-DB07-419C-8597-D31B10FAA0C5}.Release|Any CPU.ActiveCfg = Release|Any CPU
		{FBD54F0C-DB07-419C-8597-D31B10FAA0C5}.Release|Any CPU.Build.0 = Release|Any CPU
	EndGlobalSection
EndGlobal
