
Microsoft Visual Studio Solution File, Format Version 12.00
Project("{FAE04EC0-301F-11D3-BF4B-00C04F79EFBC}") = "ChatApplication", "ChatApplication\ChatApplication.csproj", "{46C8EAA1-9213-47F0-B067-5217C71DF7B2}"
EndProject
Project("{FAE04EC0-301F-11D3-BF4B-00C04F79EFBC}") = "Client", "Client\Client.csproj", "{58B9BC87-0A88-410C-9DED-9E12F72C538E}"
EndProject
Global
	GlobalSection(SolutionConfigurationPlatforms) = preSolution
		Debug|Any CPU = Debug|Any CPU
		Release|Any CPU = Release|Any CPU
	EndGlobalSection
	GlobalSection(ProjectConfigurationPlatforms) = postSolution
		{46C8EAA1-9213-47F0-B067-5217C71DF7B2}.Debug|Any CPU.ActiveCfg = Debug|Any CPU
		{46C8EAA1-9213-47F0-B067-5217C71DF7B2}.Debug|Any CPU.Build.0 = Debug|Any CPU
		{46C8EAA1-9213-47F0-B067-5217C71DF7B2}.Release|Any CPU.ActiveCfg = Release|Any CPU
		{46C8EAA1-9213-47F0-B067-5217C71DF7B2}.Release|Any CPU.Build.0 = Release|Any CPU
		{58B9BC87-0A88-410C-9DED-9E12F72C538E}.Debug|Any CPU.ActiveCfg = Debug|Any CPU
		{58B9BC87-0A88-410C-9DED-9E12F72C538E}.Debug|Any CPU.Build.0 = Debug|Any CPU
		{58B9BC87-0A88-410C-9DED-9E12F72C538E}.Release|Any CPU.ActiveCfg = Release|Any CPU
		{58B9BC87-0A88-410C-9DED-9E12F72C538E}.Release|Any CPU.Build.0 = Release|Any CPU
	EndGlobalSection
EndGlobal
